// !$*UTF8*$!
{
	archiveVersion = 1;
	classes = {
	};
	objectVersion = 56;
	objects = {

/* Begin PBXBuildFile section */
		B7948BB22B35D8C400E91439 /* AppDelegate.swift in Sources */ = {isa = PBXBuildFile; fileRef = B7948BB12B35D8C400E91439 /* AppDelegate.swift */; };
		B7948BB42B35D8C400E91439 /* SceneDelegate.swift in Sources */ = {isa = PBXBuildFile; fileRef = B7948BB32B35D8C400E91439 /* SceneDelegate.swift */; };
		B7948BB62B35D8C400E91439 /* ViewController.swift in Sources */ = {isa = PBXBuildFile; fileRef = B7948BB52B35D8C400E91439 /* ViewController.swift */; };
		B7948BB92B35D8C400E91439 /* Main.storyboard in Resources */ = {isa = PBXBuildFile; fileRef = B7948BB72B35D8C400E91439 /* Main.storyboard */; };
		B7948BBB2B35D8C600E91439 /* Assets.xcassets in Resources */ = {isa = PBXBuildFile; fileRef = B7948BBA2B35D8C600E91439 /* Assets.xcassets */; };
		B7948BBE2B35D8C600E91439 /* LaunchScreen.storyboard in Resources */ = {isa = PBXBuildFile; fileRef = B7948BBC2B35D8C600E91439 /* LaunchScreen.storyboard */; };
		B7948BC92B35D8C600E91439 /* iSaveTests.swift in Sources */ = {isa = PBXBuildFile; fileRef = B7948BC82B35D8C600E91439 /* iSaveTests.swift */; };
		B7948BD32B35D8C600E91439 /* iSaveUITests.swift in Sources */ = {isa = PBXBuildFile; fileRef = B7948BD22B35D8C600E91439 /* iSaveUITests.swift */; };
		B7948BD52B35D8C600E91439 /* iSaveUITestsLaunchTests.swift in Sources */ = {isa = PBXBuildFile; fileRef = B7948BD42B35D8C600E91439 /* iSaveUITestsLaunchTests.swift */; };
/* End PBXBuildFile section */

/* Begin PBXContainerItemProxy section */
		B7948BC52B35D8C600E91439 /* PBXContainerItemProxy */ = {
			isa = PBXContainerItemProxy;
			containerPortal = B7948BA62B35D8C400E91439 /* Project object */;
			proxyType = 1;
			remoteGlobalIDString = B7948BAD2B35D8C400E91439;
			remoteInfo = iSave;
		};
		B7948BCF2B35D8C600E91439 /* PBXContainerItemProxy */ = {
			isa = PBXContainerItemProxy;
			containerPortal = B7948BA62B35D8C400E91439 /* Project object */;
			proxyType = 1;
			remoteGlobalIDString = B7948BAD2B35D8C400E91439;
			remoteInfo = iSave;
		};
/* End PBXContainerItemProxy section */

/* Begin PBXFileReference section */
		B7948BAE2B35D8C400E91439 /* iSave.app */ = {isa = PBXFileReference; explicitFileType = wrapper.application; includeInIndex = 0; path = iSave.app; sourceTree = BUILT_PRODUCTS_DIR; };
		B7948BB12B35D8C400E91439 /* AppDelegate.swift */ = {isa = PBXFileReference; lastKnownFileType = sourcecode.swift; path = AppDelegate.swift; sourceTree = "<group>"; };
		B7948BB32B35D8C400E91439 /* SceneDelegate.swift */ = {isa = PBXFileReference; lastKnownFileType = sourcecode.swift; path = SceneDelegate.swift; sourceTree = "<group>"; };
		B7948BB52B35D8C400E91439 /* ViewController.swift */ = {isa = PBXFileReference; lastKnownFileType = sourcecode.swift; path = ViewController.swift; sourceTree = "<group>"; };
		B7948BB82B35D8C400E91439 /* Base */ = {isa = PBXFileReference; lastKnownFileType = file.storyboard; name = Base; path = Base.lproj/Main.storyboard; sourceTree = "<group>"; };
		B7948BBA2B35D8C600E91439 /* Assets.xcassets */ = {isa = PBXFileReference; lastKnownFileType = folder.assetcatalog; path = Assets.xcassets; sourceTree = "<group>"; };
		B7948BBD2B35D8C600E91439 /* Base */ = {isa = PBXFileReference; lastKnownFileType = file.storyboard; name = Base; path = Base.lproj/LaunchScreen.storyboard; sourceTree = "<group>"; };
		B7948BBF2B35D8C600E91439 /* Info.plist */ = {isa = PBXFileReference; lastKnownFileType = text.plist.xml; path = Info.plist; sourceTree = "<group>"; };
		B7948BC42B35D8C600E91439 /* iSaveTests.xctest */ = {isa = PBXFileReference; explicitFileType = wrapper.cfbundle; includeInIndex = 0; path = iSaveTests.xctest; sourceTree = BUILT_PRODUCTS_DIR; };
		B7948BC82B35D8C600E91439 /* iSaveTests.swift */ = {isa = PBXFileReference; lastKnownFileType = sourcecode.swift; path = iSaveTests.swift; sourceTree = "<group>"; };
		B7948BCE2B35D8C600E91439 /* iSaveUITests.xctest */ = {isa = PBXFileReference; explicitFileType = wrapper.cfbundle; includeInIndex = 0; path = iSaveUITests.xctest; sourceTree = BUILT_PRODUCTS_DIR; };
		B7948BD22B35D8C600E91439 /* iSaveUITests.swift */ = {isa = PBXFileReference; lastKnownFileType = sourcecode.swift; path = iSaveUITests.swift; sourceTree = "<group>"; };
		B7948BD42B35D8C600E91439 /* iSaveUITestsLaunchTests.swift */ = {isa = PBXFileReference; lastKnownFileType = sourcecode.swift; path = iSaveUITestsLaunchTests.swift; sourceTree = "<group>"; };
/* End PBXFileReference section */

/* Begin PBXFrameworksBuildPhase section */
		B7948BAB2B35D8C400E91439 /* Frameworks */ = {
			isa = PBXFrameworksBuildPhase;
			buildActionMask = 2147483647;
			files = (
			);
			runOnlyForDeploymentPostprocessing = 0;
		};
		B7948BC12B35D8C600E91439 /* Frameworks */ = {
			isa = PBXFrameworksBuildPhase;
			buildActionMask = 2147483647;
			files = (
			);
			runOnlyForDeploymentPostprocessing = 0;
		};
		B7948BCB2B35D8C600E91439 /* Frameworks */ = {
			isa = PBXFrameworksBuildPhase;
			buildActionMask = 2147483647;
			files = (
			);
			runOnlyForDeploymentPostprocessing = 0;
		};
/* End PBXFrameworksBuildPhase section */

/* Begin PBXGroup section */
		B7948BA52B35D8C400E91439 = {
			isa = PBXGroup;
			children = (
				B7948BB02B35D8C400E91439 /* iSave */,
				B7948BC72B35D8C600E91439 /* iSaveTests */,
				B7948BD12B35D8C600E91439 /* iSaveUITests */,
				B7948BAF2B35D8C400E91439 /* Products */,
			);
			sourceTree = "<group>";
		};
		B7948BAF2B35D8C400E91439 /* Products */ = {
			isa = PBXGroup;
			children = (
				B7948BAE2B35D8C400E91439 /* iSave.app */,
				B7948BC42B35D8C600E91439 /* iSaveTests.xctest */,
				B7948BCE2B35D8C600E91439 /* iSaveUITests.xctest */,
			);
			name = Products;
			sourceTree = "<group>";
		};
		B7948BB02B35D8C400E91439 /* iSave */ = {
			isa = PBXGroup;
			children = (
				B7948BB12B35D8C400E91439 /* AppDelegate.swift */,
				B7948BB32B35D8C400E91439 /* SceneDelegate.swift */,
				B7948BB52B35D8C400E91439 /* ViewController.swift */,
				B7948BB72B35D8C400E91439 /* Main.storyboard */,
				B7948BBA2B35D8C600E91439 /* Assets.xcassets */,
				B7948BBC2B35D8C600E91439 /* LaunchScreen.storyboard */,
				B7948BBF2B35D8C600E91439 /* Info.plist */,
			);
			path = iSave;
			sourceTree = "<group>";
		};
		B7948BC72B35D8C600E91439 /* iSaveTests */ = {
			isa = PBXGroup;
			children = (
				B7948BC82B35D8C600E91439 /* iSaveTests.swift */,
			);
			path = iSaveTests;
			sourceTree = "<group>";
		};
		B7948BD12B35D8C600E91439 /* iSaveUITests */ = {
			isa = PBXGroup;
			children = (
				B7948BD22B35D8C600E91439 /* iSaveUITests.swift */,
				B7948BD42B35D8C600E91439 /* iSaveUITestsLaunchTests.swift */,
			);
			path = iSaveUITests;
			sourceTree = "<group>";
		};
/* End PBXGroup section */

/* Begin PBXNativeTarget section */
		B7948BAD2B35D8C400E91439 /* iSave */ = {
			isa = PBXNativeTarget;
			buildConfigurationList = B7948BD82B35D8C600E91439 /* Build configuration list for PBXNativeTarget "iSave" */;
			buildPhases = (
				B7948BAA2B35D8C400E91439 /* Sources */,
				B7948BAB2B35D8C400E91439 /* Frameworks */,
				B7948BAC2B35D8C400E91439 /* Resources */,
			);
			buildRules = (
			);
			dependencies = (
			);
			name = iSave;
			productName = iSave;
			productReference = B7948BAE2B35D8C400E91439 /* iSave.app */;
			productType = "com.apple.product-type.application";
		};
		B7948BC32B35D8C600E91439 /* iSaveTests */ = {
			isa = PBXNativeTarget;
			buildConfigurationList = B7948BDB2B35D8C600E91439 /* Build configuration list for PBXNativeTarget "iSaveTests" */;
			buildPhases = (
				B7948BC02B35D8C600E91439 /* Sources */,
				B7948BC12B35D8C600E91439 /* Frameworks */,
				B7948BC22B35D8C600E91439 /* Resources */,
			);
			buildRules = (
			);
			dependencies = (
				B7948BC62B35D8C600E91439 /* PBXTargetDependency */,
			);
			name = iSaveTests;
			productName = iSaveTests;
			productReference = B7948BC42B35D8C600E91439 /* iSaveTests.xctest */;
			productType = "com.apple.product-type.bundle.unit-test";
		};
		B7948BCD2B35D8C600E91439 /* iSaveUITests */ = {
			isa = PBXNativeTarget;
			buildConfigurationList = B7948BDE2B35D8C600E91439 /* Build configuration list for PBXNativeTarget "iSaveUITests" */;
			buildPhases = (
				B7948BCA2B35D8C600E91439 /* Sources */,
				B7948BCB2B35D8C600E91439 /* Frameworks */,
				B7948BCC2B35D8C600E91439 /* Resources */,
			);
			buildRules = (
			);
			dependencies = (
				B7948BD02B35D8C600E91439 /* PBXTargetDependency */,
			);
			name = iSaveUITests;
			productName = iSaveUITests;
			productReference = B7948BCE2B35D8C600E91439 /* iSaveUITests.xctest */;
			productType = "com.apple.product-type.bundle.ui-testing";
		};
/* End PBXNativeTarget section */

/* Begin PBXProject section */
		B7948BA62B35D8C400E91439 /* Project object */ = {
			isa = PBXProject;
			attributes = {
				BuildIndependentTargetsInParallel = 1;
				LastSwiftUpdateCheck = 1510;
				LastUpgradeCheck = 1510;
				TargetAttributes = {
					B7948BAD2B35D8C400E91439 = {
						CreatedOnToolsVersion = 15.1;
					};
					B7948BC32B35D8C600E91439 = {
						CreatedOnToolsVersion = 15.1;
						TestTargetID = B7948BAD2B35D8C400E91439;
					};
					B7948BCD2B35D8C600E91439 = {
						CreatedOnToolsVersion = 15.1;
						TestTargetID = B7948BAD2B35D8C400E91439;
					};
				};
			};
			buildConfigurationList = B7948BA92B35D8C400E91439 /* Build configuration list for PBXProject "iSave" */;
			compatibilityVersion = "Xcode 14.0";
			developmentRegion = en;
			hasScannedForEncodings = 0;
			knownRegions = (
				en,
				Base,
			);
			mainGroup = B7948BA52B35D8C400E91439;
			productRefGroup = B7948BAF2B35D8C400E91439 /* Products */;
			projectDirPath = "";
			projectRoot = "";
			targets = (
				B7948BAD2B35D8C400E91439 /* iSave */,
				B7948BC32B35D8C600E91439 /* iSaveTests */,
				B7948BCD2B35D8C600E91439 /* iSaveUITests */,
			);
		};
/* End PBXProject section */

/* Begin PBXResourcesBuildPhase section */
		B7948BAC2B35D8C400E91439 /* Resources */ = {
			isa = PBXResourcesBuildPhase;
			buildActionMask = 2147483647;
			files = (
				B7948BBE2B35D8C600E91439 /* LaunchScreen.storyboard in Resources */,
				B7948BBB2B35D8C600E91439 /* Assets.xcassets in Resources */,
				B7948BB92B35D8C400E91439 /* Main.storyboard in Resources */,
			);
			runOnlyForDeploymentPostprocessing = 0;
		};
		B7948BC22B35D8C600E91439 /* Resources */ = {
			isa = PBXResourcesBuildPhase;
			buildActionMask = 2147483647;
			files = (
			);
			runOnlyForDeploymentPostprocessing = 0;
		};
		B7948BCC2B35D8C600E91439 /* Resources */ = {
			isa = PBXResourcesBuildPhase;
			buildActionMask = 2147483647;
			files = (
			);
			runOnlyForDeploymentPostprocessing = 0;
		};
/* End PBXResourcesBuildPhase section */

/* Begin PBXSourcesBuildPhase section */
		B7948BAA2B35D8C400E91439 /* Sources */ = {
			isa = PBXSourcesBuildPhase;
			buildActionMask = 2147483647;
			files = (
				B7948BB62B35D8C400E91439 /* ViewController.swift in Sources */,
				B7948BB22B35D8C400E91439 /* AppDelegate.swift in Sources */,
				B7948BB42B35D8C400E91439 /* SceneDelegate.swift in Sources */,
			);
			runOnlyForDeploymentPostprocessing = 0;
		};
		B7948BC02B35D8C600E91439 /* Sources */ = {
			isa = PBXSourcesBuildPhase;
			buildActionMask = 2147483647;
			files = (
				B7948BC92B35D8C600E91439 /* iSaveTests.swift in Sources */,
			);
			runOnlyForDeploymentPostprocessing = 0;
		};
		B7948BCA2B35D8C600E91439 /* Sources */ = {
			isa = PBXSourcesBuildPhase;
			buildActionMask = 2147483647;
			files = (
				B7948BD32B35D8C600E91439 /* iSaveUITests.swift in Sources */,
				B7948BD52B35D8C600E91439 /* iSaveUITestsLaunchTests.swift in Sources */,
			);
			runOnlyForDeploymentPostprocessing = 0;
		};
/* End PBXSourcesBuildPhase section */

/* Begin PBXTargetDependency section */
		B7948BC62B35D8C600E91439 /* PBXTargetDependency */ = {
			isa = PBXTargetDependency;
			target = B7948BAD2B35D8C400E91439 /* iSave */;
			targetProxy = B7948BC52B35D8C600E91439 /* PBXContainerItemProxy */;
		};
		B7948BD02B35D8C600E91439 /* PBXTargetDependency */ = {
			isa = PBXTargetDependency;
			target = B7948BAD2B35D8C400E91439 /* iSave */;
			targetProxy = B7948BCF2B35D8C600E91439 /* PBXContainerItemProxy */;
		};
/* End PBXTargetDependency section */

/* Begin PBXVariantGroup section */
		B7948BB72B35D8C400E91439 /* Main.storyboard */ = {
			isa = PBXVariantGroup;
			children = (
				B7948BB82B35D8C400E91439 /* Base */,
			);
			name = Main.storyboard;
			sourceTree = "<group>";
		};
		B7948BBC2B35D8C600E91439 /* LaunchScreen.storyboard */ = {
			isa = PBXVariantGroup;
			children = (
				B7948BBD2B35D8C600E91439 /* Base */,
			);
			name = LaunchScreen.storyboard;
			sourceTree = "<group>";
		};
/* End PBXVariantGroup section */

/* Begin XCBuildConfiguration section */
		B7948BD62B35D8C600E91439 /* Debug */ = {
			isa = XCBuildConfiguration;
			buildSettings = {
				ALWAYS_SEARCH_USER_PATHS = NO;
				ASSETCATALOG_COMPILER_GENERATE_SWIFT_ASSET_SYMBOL_EXTENSIONS = YES;
				CLANG_ANALYZER_NONNULL = YES;
				CLANG_ANALYZER_NUMBER_OBJECT_CONVERSION = YES_AGGRESSIVE;
				CLANG_CXX_LANGUAGE_STANDARD = "gnu++20";
				CLANG_ENABLE_MODULES = YES;
				CLANG_ENABLE_OBJC_ARC = YES;
				CLANG_ENABLE_OBJC_WEAK = YES;
				CLANG_WARN_BLOCK_CAPTURE_AUTORELEASING = YES;
				CLANG_WARN_BOOL_CONVERSION = YES;
				CLANG_WARN_COMMA = YES;
				CLANG_WARN_CONSTANT_CONVERSION = YES;
				CLANG_WARN_DEPRECATED_OBJC_IMPLEMENTATIONS = YES;
				CLANG_WARN_DIRECT_OBJC_ISA_USAGE = YES_ERROR;
				CLANG_WARN_DOCUMENTATION_COMMENTS = YES;
				CLANG_WARN_EMPTY_BODY = YES;
				CLANG_WARN_ENUM_CONVERSION = YES;
				CLANG_WARN_INFINITE_RECURSION = YES;
				CLANG_WARN_INT_CONVERSION = YES;
				CLANG_WARN_NON_LITERAL_NULL_CONVERSION = YES;
				CLANG_WARN_OBJC_IMPLICIT_RETAIN_SELF = YES;
				CLANG_WARN_OBJC_LITERAL_CONVERSION = YES;
				CLANG_WARN_OBJC_ROOT_CLASS = YES_ERROR;
				CLANG_WARN_QUOTED_INCLUDE_IN_FRAMEWORK_HEADER = YES;
				CLANG_WARN_RANGE_LOOP_ANALYSIS = YES;
				CLANG_WARN_STRICT_PROTOTYPES = YES;
				CLANG_WARN_SUSPICIOUS_MOVE = YES;
				CLANG_WARN_UNGUARDED_AVAILABILITY = YES_AGGRESSIVE;
				CLANG_WARN_UNREACHABLE_CODE = YES;
				CLANG_WARN__DUPLICATE_METHOD_MATCH = YES;
				COPY_PHASE_STRIP = NO;
				DEBUG_INFORMATION_FORMAT = dwarf;
				ENABLE_STRICT_OBJC_MSGSEND = YES;
				ENABLE_TESTABILITY = YES;
				ENABLE_USER_SCRIPT_SANDBOXING = YES;
				GCC_C_LANGUAGE_STANDARD = gnu17;
				GCC_DYNAMIC_NO_PIC = NO;
				GCC_NO_COMMON_BLOCKS = YES;
				GCC_OPTIMIZATION_LEVEL = 0;
				GCC_PREPROCESSOR_DEFINITIONS = (
					"DEBUG=1",
					"$(inherited)",
				);
				GCC_WARN_64_TO_32_BIT_CONVERSION = YES;
				GCC_WARN_ABOUT_RETURN_TYPE = YES_ERROR;
				GCC_WARN_UNDECLARED_SELECTOR = YES;
				GCC_WARN_UNINITIALIZED_AUTOS = YES_AGGRESSIVE;
				GCC_WARN_UNUSED_FUNCTION = YES;
				GCC_WARN_UNUSED_VARIABLE = YES;
				IPHONEOS_DEPLOYMENT_TARGET = 17.2;
				LOCALIZATION_PREFERS_STRING_CATALOGS = YES;
				MTL_ENABLE_DEBUG_INFO = INCLUDE_SOURCE;
				MTL_FAST_MATH = YES;
				ONLY_ACTIVE_ARCH = YES;
				SDKROOT = iphoneos;
				SWIFT_ACTIVE_COMPILATION_CONDITIONS = "DEBUG $(inherited)";
				SWIFT_OPTIMIZATION_LEVEL = "-Onone";
			};
			name = Debug;
		};
		B7948BD72B35D8C600E91439 /* Release */ = {
			isa = XCBuildConfiguration;
			buildSettings = {
				ALWAYS_SEARCH_USER_PATHS = NO;
				ASSETCATALOG_COMPILER_GENERATE_SWIFT_ASSET_SYMBOL_EXTENSIONS = YES;
				CLANG_ANALYZER_NONNULL = YES;
				CLANG_ANALYZER_NUMBER_OBJECT_CONVERSION = YES_AGGRESSIVE;
				CLANG_CXX_LANGUAGE_STANDARD = "gnu++20";
				CLANG_ENABLE_MODULES = YES;
				CLANG_ENABLE_OBJC_ARC = YES;
				CLANG_ENABLE_OBJC_WEAK = YES;
				CLANG_WARN_BLOCK_CAPTURE_AUTORELEASING = YES;
				CLANG_WARN_BOOL_CONVERSION = YES;
				CLANG_WARN_COMMA = YES;
				CLANG_WARN_CONSTANT_CONVERSION = YES;
				CLANG_WARN_DEPRECATED_OBJC_IMPLEMENTATIONS = YES;
				CLANG_WARN_DIRECT_OBJC_ISA_USAGE = YES_ERROR;
				CLANG_WARN_DOCUMENTATION_COMMENTS = YES;
				CLANG_WARN_EMPTY_BODY = YES;
				CLANG_WARN_ENUM_CONVERSION = YES;
				CLANG_WARN_INFINITE_RECURSION = YES;
				CLANG_WARN_INT_CONVERSION = YES;
				CLANG_WARN_NON_LITERAL_NULL_CONVERSION = YES;
				CLANG_WARN_OBJC_IMPLICIT_RETAIN_SELF = YES;
				CLANG_WARN_OBJC_LITERAL_CONVERSION = YES;
				CLANG_WARN_OBJC_ROOT_CLASS = YES_ERROR;
				CLANG_WARN_QUOTED_INCLUDE_IN_FRAMEWORK_HEADER = YES;
				CLANG_WARN_RANGE_LOOP_ANALYSIS = YES;
				CLANG_WARN_STRICT_PROTOTYPES = YES;
				CLANG_WARN_SUSPICIOUS_MOVE = YES;
				CLANG_WARN_UNGUARDED_AVAILABILITY = YES_AGGRESSIVE;
				CLANG_WARN_UNREACHABLE_CODE = YES;
				CLANG_WARN__DUPLICATE_METHOD_MATCH = YES;
				COPY_PHASE_STRIP = NO;
				DEBUG_INFORMATION_FORMAT = "dwarf-with-dsym";
				ENABLE_NS_ASSERTIONS = NO;
				ENABLE_STRICT_OBJC_MSGSEND = YES;
				ENABLE_USER_SCRIPT_SANDBOXING = YES;
				GCC_C_LANGUAGE_STANDARD = gnu17;
				GCC_NO_COMMON_BLOCKS = YES;
				GCC_WARN_64_TO_32_BIT_CONVERSION = YES;
				GCC_WARN_ABOUT_RETURN_TYPE = YES_ERROR;
				GCC_WARN_UNDECLARED_SELECTOR = YES;
				GCC_WARN_UNINITIALIZED_AUTOS = YES_AGGRESSIVE;
				GCC_WARN_UNUSED_FUNCTION = YES;
				GCC_WARN_UNUSED_VARIABLE = YES;
				IPHONEOS_DEPLOYMENT_TARGET = 17.2;
				LOCALIZATION_PREFERS_STRING_CATALOGS = YES;
				MTL_ENABLE_DEBUG_INFO = NO;
				MTL_FAST_MATH = YES;
				SDKROOT = iphoneos;
				SWIFT_COMPILATION_MODE = wholemodule;
				VALIDATE_PRODUCT = YES;
			};
			name = Release;
		};
		B7948BD92B35D8C600E91439 /* Debug */ = {
			isa = XCBuildConfiguration;
			buildSettings = {
				ASSETCATALOG_COMPILER_APPICON_NAME = AppIcon;
				ASSETCATALOG_COMPILER_GLOBAL_ACCENT_COLOR_NAME = AccentColor;
				CODE_SIGN_STYLE = Automatic;
				CURRENT_PROJECT_VERSION = 1;
				DEVELOPMENT_TEAM = 3E9R3592W8;
				GENERATE_INFOPLIST_FILE = YES;
				INFOPLIST_FILE = iSave/Info.plist;
				INFOPLIST_KEY_UIApplicationSupportsIndirectInputEvents = YES;
				INFOPLIST_KEY_UILaunchStoryboardName = LaunchScreen;
				INFOPLIST_KEY_UIMainStoryboardFile = Main;
				INFOPLIST_KEY_UISupportedInterfaceOrientations_iPad = "UIInterfaceOrientationPortrait UIInterfaceOrientationPortraitUpsideDown UIInterfaceOrientationLandscapeLeft UIInterfaceOrientationLandscapeRight";
				INFOPLIST_KEY_UISupportedInterfaceOrientations_iPhone = "UIInterfaceOrientationPortrait UIInterfaceOrientationLandscapeLeft UIInterfaceOrientationLandscapeRight";
				LD_RUNPATH_SEARCH_PATHS = (
					"$(inherited)",
					"@executable_path/Frameworks",
				);
				MARKETING_VERSION = 1.0;
				PRODUCT_BUNDLE_IDENTIFIER = com.rodrigolemos.iSave;
				PRODUCT_NAME = "$(TARGET_NAME)";
				SWIFT_EMIT_LOC_STRINGS = YES;
				SWIFT_VERSION = 5.0;
				TARGETED_DEVICE_FAMILY = "1,2";
			};
			name = Debug;
		};
		B7948BDA2B35D8C600E91439 /* Release */ = {
			isa = XCBuildConfiguration;
			buildSettings = {
				ASSETCATALOG_COMPILER_APPICON_NAME = AppIcon;
				ASSETCATALOG_COMPILER_GLOBAL_ACCENT_COLOR_NAME = AccentColor;
				CODE_SIGN_STYLE = Automatic;
				CURRENT_PROJECT_VERSION = 1;
				DEVELOPMENT_TEAM = 3E9R3592W8;
				GENERATE_INFOPLIST_FILE = YES;
				INFOPLIST_FILE = iSave/Info.plist;
				INFOPLIST_KEY_UIApplicationSupportsIndirectInputEvents = YES;
				INFOPLIST_KEY_UILaunchStoryboardName = LaunchScreen;
				INFOPLIST_KEY_UIMainStoryboardFile = Main;
				INFOPLIST_KEY_UISupportedInterfaceOrientations_iPad = "UIInterfaceOrientationPortrait UIInterfaceOrientationPortraitUpsideDown UIInterfaceOrientationLandscapeLeft UIInterfaceOrientationLandscapeRight";
				INFOPLIST_KEY_UISupportedInterfaceOrientations_iPhone = "UIInterfaceOrientationPortrait UIInterfaceOrientationLandscapeLeft UIInterfaceOrientationLandscapeRight";
				LD_RUNPATH_SEARCH_PATHS = (
					"$(inherited)",
					"@executable_path/Frameworks",
				);
				MARKETING_VERSION = 1.0;
				PRODUCT_BUNDLE_IDENTIFIER = com.rodrigolemos.iSave;
				PRODUCT_NAME = "$(TARGET_NAME)";
				SWIFT_EMIT_LOC_STRINGS = YES;
				SWIFT_VERSION = 5.0;
				TARGETED_DEVICE_FAMILY = "1,2";
			};
			name = Release;
		};
		B7948BDC2B35D8C600E91439 /* Debug */ = {
			isa = XCBuildConfiguration;
			buildSettings = {
				ALWAYS_EMBED_SWIFT_STANDARD_LIBRARIES = YES;
				BUNDLE_LOADER = "$(TEST_HOST)";
				CODE_SIGN_STYLE = Automatic;
				CURRENT_PROJECT_VERSION = 1;
				DEVELOPMENT_TEAM = 3E9R3592W8;
				GENERATE_INFOPLIST_FILE = YES;
				IPHONEOS_DEPLOYMENT_TARGET = 17.2;
				MARKETING_VERSION = 1.0;
				PRODUCT_BUNDLE_IDENTIFIER = com.rodrigolemos.iSaveTests;
				PRODUCT_NAME = "$(TARGET_NAME)";
				SWIFT_EMIT_LOC_STRINGS = NO;
				SWIFT_VERSION = 5.0;
				TARGETED_DEVICE_FAMILY = "1,2";
				TEST_HOST = "$(BUILT_PRODUCTS_DIR)/iSave.app/$(BUNDLE_EXECUTABLE_FOLDER_PATH)/iSave";
			};
			name = Debug;
		};
		B7948BDD2B35D8C600E91439 /* Release */ = {
			isa = XCBuildConfiguration;
			buildSettings = {
				ALWAYS_EMBED_SWIFT_STANDARD_LIBRARIES = YES;
				BUNDLE_LOADER = "$(TEST_HOST)";
				CODE_SIGN_STYLE = Automatic;
				CURRENT_PROJECT_VERSION = 1;
				DEVELOPMENT_TEAM = 3E9R3592W8;
				GENERATE_INFOPLIST_FILE = YES;
				IPHONEOS_DEPLOYMENT_TARGET = 17.2;
				MARKETING_VERSION = 1.0;
				PRODUCT_BUNDLE_IDENTIFIER = com.rodrigolemos.iSaveTests;
				PRODUCT_NAME = "$(TARGET_NAME)";
				SWIFT_EMIT_LOC_STRINGS = NO;
				SWIFT_VERSION = 5.0;
				TARGETED_DEVICE_FAMILY = "1,2";
				TEST_HOST = "$(BUILT_PRODUCTS_DIR)/iSave.app/$(BUNDLE_EXECUTABLE_FOLDER_PATH)/iSave";
			};
			name = Release;
		};
		B7948BDF2B35D8C600E91439 /* Debug */ = {
			isa = XCBuildConfiguration;
			buildSettings = {
				ALWAYS_EMBED_SWIFT_STANDARD_LIBRARIES = YES;
				CODE_SIGN_STYLE = Automatic;
				CURRENT_PROJECT_VERSION = 1;
				DEVELOPMENT_TEAM = 3E9R3592W8;
				GENERATE_INFOPLIST_FILE = YES;
				MARKETING_VERSION = 1.0;
				PRODUCT_BUNDLE_IDENTIFIER = com.rodrigolemos.iSaveUITests;
				PRODUCT_NAME = "$(TARGET_NAME)";
				SWIFT_EMIT_LOC_STRINGS = NO;
				SWIFT_VERSION = 5.0;
				TARGETED_DEVICE_FAMILY = "1,2";
				TEST_TARGET_NAME = iSave;
			};
			name = Debug;
		};
		B7948BE02B35D8C600E91439 /* Release */ = {
			isa = XCBuildConfiguration;
			buildSettings = {
				ALWAYS_EMBED_SWIFT_STANDARD_LIBRARIES = YES;
				CODE_SIGN_STYLE = Automatic;
				CURRENT_PROJECT_VERSION = 1;
				DEVELOPMENT_TEAM = 3E9R3592W8;
				GENERATE_INFOPLIST_FILE = YES;
				MARKETING_VERSION = 1.0;
				PRODUCT_BUNDLE_IDENTIFIER = com.rodrigolemos.iSaveUITests;
				PRODUCT_NAME = "$(TARGET_NAME)";
				SWIFT_EMIT_LOC_STRINGS = NO;
				SWIFT_VERSION = 5.0;
				TARGETED_DEVICE_FAMILY = "1,2";
				TEST_TARGET_NAME = iSave;
			};
			name = Release;
		};
/* End XCBuildConfiguration section */

/* Begin XCConfigurationList section */
		B7948BA92B35D8C400E91439 /* Build configuration list for PBXProject "iSave" */ = {
			isa = XCConfigurationList;
			buildConfigurations = (
				B7948BD62B35D8C600E91439 /* Debug */,
				B7948BD72B35D8C600E91439 /* Release */,
			);
			defaultConfigurationIsVisible = 0;
			defaultConfigurationName = Release;
		};
		B7948BD82B35D8C600E91439 /* Build configuration list for PBXNativeTarget "iSave" */ = {
			isa = XCConfigurationList;
			buildConfigurations = (
				B7948BD92B35D8C600E91439 /* Debug */,
				B7948BDA2B35D8C600E91439 /* Release */,
			);
			defaultConfigurationIsVisible = 0;
			defaultConfigurationName = Release;
		};
		B7948BDB2B35D8C600E91439 /* Build configuration list for PBXNativeTarget "iSaveTests" */ = {
			isa = XCConfigurationList;
			buildConfigurations = (
				B7948BDC2B35D8C600E91439 /* Debug */,
				B7948BDD2B35D8C600E91439 /* Release */,
			);
			defaultConfigurationIsVisible = 0;
			defaultConfigurationName = Release;
		};
		B7948BDE2B35D8C600E91439 /* Build configuration list for PBXNativeTarget "iSaveUITests" */ = {
			isa = XCConfigurationList;
			buildConfigurations = (
				B7948BDF2B35D8C600E91439 /* Debug */,
				B7948BE02B35D8C600E91439 /* Release */,
			);
			defaultConfigurationIsVisible = 0;
			defaultConfigurationName = Release;
		};
/* End XCConfigurationList section */
	};
	rootObject = B7948BA62B35D8C400E91439 /* Project object */;
}
